// !$*UTF8*$!
{
	archiveVersion = 1;
	classes = {
	};
	objectVersion = 56;
	objects = {

/* Begin PBXBuildFile section */
		D0BA323C299BE52200957840 /* FilterCapsuleView.swift in Sources */ = {isa = PBXBuildFile; fileRef = D0BA323B299BE52200957840 /* FilterCapsuleView.swift */; };
		D0BA323F299C138300957840 /* ErrorView.swift in Sources */ = {isa = PBXBuildFile; fileRef = D0BA323E299C138300957840 /* ErrorView.swift */; };
		D0D6566529A36EBD006D2CF0 /* Filters in Frameworks */ = {isa = PBXBuildFile; productRef = D0D6566429A36EBD006D2CF0 /* Filters */; };
		D0F4105E2999824700B18D10 /* FiltersPOCApp.swift in Sources */ = {isa = PBXBuildFile; fileRef = D0F4105D2999824700B18D10 /* FiltersPOCApp.swift */; };
		D0F410602999824700B18D10 /* TaskView.swift in Sources */ = {isa = PBXBuildFile; fileRef = D0F4105F2999824700B18D10 /* TaskView.swift */; };
		D0F410622999824900B18D10 /* Assets.xcassets in Resources */ = {isa = PBXBuildFile; fileRef = D0F410612999824900B18D10 /* Assets.xcassets */; };
		D0F410662999824900B18D10 /* Preview Assets.xcassets in Resources */ = {isa = PBXBuildFile; fileRef = D0F410652999824900B18D10 /* Preview Assets.xcassets */; };
		D0F410702999899900B18D10 /* DSTask.swift in Sources */ = {isa = PBXBuildFile; fileRef = D0F4106F2999899900B18D10 /* DSTask.swift */; };
		D0F4107229998A6B00B18D10 /* Date+Extensions.swift in Sources */ = {isa = PBXBuildFile; fileRef = D0F4107129998A6B00B18D10 /* Date+Extensions.swift */; };
		D0F4107929998C2200B18D10 /* TaskViewModel.swift in Sources */ = {isa = PBXBuildFile; fileRef = D0F4107829998C2200B18D10 /* TaskViewModel.swift */; };
		D0F4107D2999993000B18D10 /* TaskListItem.swift in Sources */ = {isa = PBXBuildFile; fileRef = D0F4107C2999993000B18D10 /* TaskListItem.swift */; };
		D0F4107F29999E6B00B18D10 /* AnySynchronizable.swift in Sources */ = {isa = PBXBuildFile; fileRef = D0F4107E29999E6B00B18D10 /* AnySynchronizable.swift */; };
		D0F4108229999EC400B18D10 /* FilterCategoryView.swift in Sources */ = {isa = PBXBuildFile; fileRef = D0F4108129999EC400B18D10 /* FilterCategoryView.swift */; };
		D0F4108429999EE500B18D10 /* FilterCategoryViewModel.swift in Sources */ = {isa = PBXBuildFile; fileRef = D0F4108329999EE500B18D10 /* FilterCategoryViewModel.swift */; };
		D0F410862999A5DC00B18D10 /* RawTaskFilters.swift in Sources */ = {isa = PBXBuildFile; fileRef = D0F410852999A5DC00B18D10 /* RawTaskFilters.swift */; };
		D0F4108A299AF4C200B18D10 /* FilterValuesView.swift in Sources */ = {isa = PBXBuildFile; fileRef = D0F41089299AF4C200B18D10 /* FilterValuesView.swift */; };
		D0F4108C299AF5EF00B18D10 /* FilterValueViewModel.swift in Sources */ = {isa = PBXBuildFile; fileRef = D0F4108B299AF5EF00B18D10 /* FilterValueViewModel.swift */; };
		D0F4108E299AFE0800B18D10 /* Color+Extensions.swift in Sources */ = {isa = PBXBuildFile; fileRef = D0F4108D299AFE0800B18D10 /* Color+Extensions.swift */; };
		D0F41091299BBCAB00B18D10 /* Haptics.swift in Sources */ = {isa = PBXBuildFile; fileRef = D0F41090299BBCAB00B18D10 /* Haptics.swift */; };
/* End PBXBuildFile section */

/* Begin PBXFileReference section */
		D0BA323B299BE52200957840 /* FilterCapsuleView.swift */ = {isa = PBXFileReference; lastKnownFileType = sourcecode.swift; path = FilterCapsuleView.swift; sourceTree = "<group>"; };
		D0BA323E299C138300957840 /* ErrorView.swift */ = {isa = PBXFileReference; lastKnownFileType = sourcecode.swift; path = ErrorView.swift; sourceTree = "<group>"; };
		D0F4105A2999824700B18D10 /* FiltersPOC.app */ = {isa = PBXFileReference; explicitFileType = wrapper.application; includeInIndex = 0; path = FiltersPOC.app; sourceTree = BUILT_PRODUCTS_DIR; };
		D0F4105D2999824700B18D10 /* FiltersPOCApp.swift */ = {isa = PBXFileReference; lastKnownFileType = sourcecode.swift; path = FiltersPOCApp.swift; sourceTree = "<group>"; };
		D0F4105F2999824700B18D10 /* TaskView.swift */ = {isa = PBXFileReference; lastKnownFileType = sourcecode.swift; path = TaskView.swift; sourceTree = "<group>"; };
		D0F410612999824900B18D10 /* Assets.xcassets */ = {isa = PBXFileReference; lastKnownFileType = folder.assetcatalog; path = Assets.xcassets; sourceTree = "<group>"; };
		D0F410632999824900B18D10 /* FiltersPOC.entitlements */ = {isa = PBXFileReference; lastKnownFileType = text.plist.entitlements; path = FiltersPOC.entitlements; sourceTree = "<group>"; };
		D0F410652999824900B18D10 /* Preview Assets.xcassets */ = {isa = PBXFileReference; lastKnownFileType = folder.assetcatalog; path = "Preview Assets.xcassets"; sourceTree = "<group>"; };
		D0F4106F2999899900B18D10 /* DSTask.swift */ = {isa = PBXFileReference; lastKnownFileType = sourcecode.swift; path = DSTask.swift; sourceTree = "<group>"; };
		D0F4107129998A6B00B18D10 /* Date+Extensions.swift */ = {isa = PBXFileReference; lastKnownFileType = sourcecode.swift; path = "Date+Extensions.swift"; sourceTree = "<group>"; };
		D0F4107829998C2200B18D10 /* TaskViewModel.swift */ = {isa = PBXFileReference; lastKnownFileType = sourcecode.swift; path = TaskViewModel.swift; sourceTree = "<group>"; };
		D0F4107C2999993000B18D10 /* TaskListItem.swift */ = {isa = PBXFileReference; lastKnownFileType = sourcecode.swift; path = TaskListItem.swift; sourceTree = "<group>"; };
		D0F4107E29999E6B00B18D10 /* AnySynchronizable.swift */ = {isa = PBXFileReference; lastKnownFileType = sourcecode.swift; path = AnySynchronizable.swift; sourceTree = "<group>"; };
		D0F4108129999EC400B18D10 /* FilterCategoryView.swift */ = {isa = PBXFileReference; lastKnownFileType = sourcecode.swift; path = FilterCategoryView.swift; sourceTree = "<group>"; };
		D0F4108329999EE500B18D10 /* FilterCategoryViewModel.swift */ = {isa = PBXFileReference; lastKnownFileType = sourcecode.swift; path = FilterCategoryViewModel.swift; sourceTree = "<group>"; };
		D0F410852999A5DC00B18D10 /* RawTaskFilters.swift */ = {isa = PBXFileReference; lastKnownFileType = sourcecode.swift; path = RawTaskFilters.swift; sourceTree = "<group>"; };
		D0F41089299AF4C200B18D10 /* FilterValuesView.swift */ = {isa = PBXFileReference; lastKnownFileType = sourcecode.swift; path = FilterValuesView.swift; sourceTree = "<group>"; };
		D0F4108B299AF5EF00B18D10 /* FilterValueViewModel.swift */ = {isa = PBXFileReference; lastKnownFileType = sourcecode.swift; path = FilterValueViewModel.swift; sourceTree = "<group>"; };
		D0F4108D299AFE0800B18D10 /* Color+Extensions.swift */ = {isa = PBXFileReference; lastKnownFileType = sourcecode.swift; path = "Color+Extensions.swift"; sourceTree = "<group>"; };
		D0F41090299BBCAB00B18D10 /* Haptics.swift */ = {isa = PBXFileReference; lastKnownFileType = sourcecode.swift; path = Haptics.swift; sourceTree = "<group>"; };
/* End PBXFileReference section */

/* Begin PBXFrameworksBuildPhase section */
		D0F410572999824700B18D10 /* Frameworks */ = {
			isa = PBXFrameworksBuildPhase;
			buildActionMask = 2147483647;
			files = (
				D0D6566529A36EBD006D2CF0 /* Filters in Frameworks */,
			);
			runOnlyForDeploymentPostprocessing = 0;
		};
/* End PBXFrameworksBuildPhase section */

/* Begin PBXGroup section */
		D0BA323A299BE4FE00957840 /* Filter Value */ = {
			isa = PBXGroup;
			children = (
				D0F41089299AF4C200B18D10 /* FilterValuesView.swift */,
				D0F4108B299AF5EF00B18D10 /* FilterValueViewModel.swift */,
			);
			path = "Filter Value";
			sourceTree = "<group>";
		};
		D0BA323D299C12DF00957840 /* Views */ = {
			isa = PBXGroup;
			children = (
				D0BA323E299C138300957840 /* ErrorView.swift */,
			);
			path = Views;
			sourceTree = "<group>";
		};
		D0F410512999824700B18D10 = {
			isa = PBXGroup;
			children = (
				D0F4105C2999824700B18D10 /* FiltersPOC */,
				D0F4105B2999824700B18D10 /* Products */,
			);
			sourceTree = "<group>";
		};
		D0F4105B2999824700B18D10 /* Products */ = {
			isa = PBXGroup;
			children = (
				D0F4105A2999824700B18D10 /* FiltersPOC.app */,
			);
			name = Products;
			sourceTree = "<group>";
		};
		D0F4105C2999824700B18D10 /* FiltersPOC */ = {
			isa = PBXGroup;
			children = (
				D0F410612999824900B18D10 /* Assets.xcassets */,
				D0F410632999824900B18D10 /* FiltersPOC.entitlements */,
				D0F4105D2999824700B18D10 /* FiltersPOCApp.swift */,
				D0F4107429998A7900B18D10 /* Common */,
				D0F4107629998B0500B18D10 /* Scenes */,
				D0F410642999824900B18D10 /* Preview Content */,
			);
			path = FiltersPOC;
			sourceTree = "<group>";
		};
		D0F410642999824900B18D10 /* Preview Content */ = {
			isa = PBXGroup;
			children = (
				D0F410652999824900B18D10 /* Preview Assets.xcassets */,
			);
			path = "Preview Content";
			sourceTree = "<group>";
		};
		D0F4107329998A7300B18D10 /* Extensions */ = {
			isa = PBXGroup;
			children = (
				D0F4107129998A6B00B18D10 /* Date+Extensions.swift */,
				D0F4108D299AFE0800B18D10 /* Color+Extensions.swift */,
			);
			path = Extensions;
			sourceTree = "<group>";
		};
		D0F4107429998A7900B18D10 /* Common */ = {
			isa = PBXGroup;
			children = (
				D0F4107329998A7300B18D10 /* Extensions */,
				D0F4108F299BB27C00B18D10 /* Mock Data */,
				D0F410872999A85D00B18D10 /* Protocols */,
				D0BA323D299C12DF00957840 /* Views */,
				D0F41090299BBCAB00B18D10 /* Haptics.swift */,
			);
			path = Common;
			sourceTree = "<group>";
		};
		D0F4107529998AF100B18D10 /* Tasks */ = {
			isa = PBXGroup;
			children = (
				D0F4107729998B1900B18D10 /* Model */,
				D0F4107C2999993000B18D10 /* TaskListItem.swift */,
				D0F4105F2999824700B18D10 /* TaskView.swift */,
				D0F4107829998C2200B18D10 /* TaskViewModel.swift */,
			);
			path = Tasks;
			sourceTree = "<group>";
		};
		D0F4107629998B0500B18D10 /* Scenes */ = {
			isa = PBXGroup;
			children = (
				D0F4108029999E9700B18D10 /* Filters */,
				D0F4107529998AF100B18D10 /* Tasks */,
			);
			path = Scenes;
			sourceTree = "<group>";
		};
		D0F4107729998B1900B18D10 /* Model */ = {
			isa = PBXGroup;
			children = (
				D0F4106F2999899900B18D10 /* DSTask.swift */,
			);
			path = Model;
			sourceTree = "<group>";
		};
		D0F4108029999E9700B18D10 /* Filters */ = {
			isa = PBXGroup;
			children = (
				D0F41088299AF4AE00B18D10 /* Filter Category */,
				D0BA323A299BE4FE00957840 /* Filter Value */,
				D0BA323B299BE52200957840 /* FilterCapsuleView.swift */,
			);
			path = Filters;
			sourceTree = "<group>";
		};
		D0F410872999A85D00B18D10 /* Protocols */ = {
			isa = PBXGroup;
			children = (
				D0F4107E29999E6B00B18D10 /* AnySynchronizable.swift */,
			);
			path = Protocols;
			sourceTree = "<group>";
		};
		D0F41088299AF4AE00B18D10 /* Filter Category */ = {
			isa = PBXGroup;
			children = (
				D0F4108129999EC400B18D10 /* FilterCategoryView.swift */,
				D0F4108329999EE500B18D10 /* FilterCategoryViewModel.swift */,
			);
			path = "Filter Category";
			sourceTree = "<group>";
		};
		D0F4108F299BB27C00B18D10 /* Mock Data */ = {
			isa = PBXGroup;
			children = (
				D0F410852999A5DC00B18D10 /* RawTaskFilters.swift */,
			);
			path = "Mock Data";
			sourceTree = "<group>";
		};
/* End PBXGroup section */

/* Begin PBXNativeTarget section */
		D0F410592999824700B18D10 /* FiltersPOC */ = {
			isa = PBXNativeTarget;
			buildConfigurationList = D0F410692999824900B18D10 /* Build configuration list for PBXNativeTarget "FiltersPOC" */;
			buildPhases = (
				D0F410562999824700B18D10 /* Sources */,
				D0F410572999824700B18D10 /* Frameworks */,
				D0F410582999824700B18D10 /* Resources */,
			);
			buildRules = (
			);
			dependencies = (
			);
			name = FiltersPOC;
			packageProductDependencies = (
				D0D6566429A36EBD006D2CF0 /* Filters */,
			);
			productName = FiltersPOC;
			productReference = D0F4105A2999824700B18D10 /* FiltersPOC.app */;
			productType = "com.apple.product-type.application";
		};
/* End PBXNativeTarget section */

/* Begin PBXProject section */
		D0F410522999824700B18D10 /* Project object */ = {
			isa = PBXProject;
			attributes = {
				BuildIndependentTargetsInParallel = 1;
				LastSwiftUpdateCheck = 1420;
				LastUpgradeCheck = 1420;
				TargetAttributes = {
					D0F410592999824700B18D10 = {
						CreatedOnToolsVersion = 14.2;
					};
				};
			};
			buildConfigurationList = D0F410552999824700B18D10 /* Build configuration list for PBXProject "FiltersPOC" */;
			compatibilityVersion = "Xcode 14.0";
			developmentRegion = en;
			hasScannedForEncodings = 0;
			knownRegions = (
				en,
				Base,
			);
			mainGroup = D0F410512999824700B18D10;
			packageReferences = (
				D0D6566329A36EBD006D2CF0 /* XCRemoteSwiftPackageReference "Filters" */,
			);
			productRefGroup = D0F4105B2999824700B18D10 /* Products */;
			projectDirPath = "";
			projectRoot = "";
			targets = (
				D0F410592999824700B18D10 /* FiltersPOC */,
			);
		};
/* End PBXProject section */

/* Begin PBXResourcesBuildPhase section */
		D0F410582999824700B18D10 /* Resources */ = {
			isa = PBXResourcesBuildPhase;
			buildActionMask = 2147483647;
			files = (
				D0F410662999824900B18D10 /* Preview Assets.xcassets in Resources */,
				D0F410622999824900B18D10 /* Assets.xcassets in Resources */,
			);
			runOnlyForDeploymentPostprocessing = 0;
		};
/* End PBXResourcesBuildPhase section */

/* Begin PBXSourcesBuildPhase section */
		D0F410562999824700B18D10 /* Sources */ = {
			isa = PBXSourcesBuildPhase;
			buildActionMask = 2147483647;
			files = (
				D0F41091299BBCAB00B18D10 /* Haptics.swift in Sources */,
				D0F4107F29999E6B00B18D10 /* AnySynchronizable.swift in Sources */,
				D0F410602999824700B18D10 /* TaskView.swift in Sources */,
				D0F4108229999EC400B18D10 /* FilterCategoryView.swift in Sources */,
				D0F4108429999EE500B18D10 /* FilterCategoryViewModel.swift in Sources */,
				D0F4108A299AF4C200B18D10 /* FilterValuesView.swift in Sources */,
				D0F4107D2999993000B18D10 /* TaskListItem.swift in Sources */,
				D0F410862999A5DC00B18D10 /* RawTaskFilters.swift in Sources */,
				D0F4108E299AFE0800B18D10 /* Color+Extensions.swift in Sources */,
				D0BA323C299BE52200957840 /* FilterCapsuleView.swift in Sources */,
				D0F4107229998A6B00B18D10 /* Date+Extensions.swift in Sources */,
				D0F4108C299AF5EF00B18D10 /* FilterValueViewModel.swift in Sources */,
				D0F410702999899900B18D10 /* DSTask.swift in Sources */,
				D0F4107929998C2200B18D10 /* TaskViewModel.swift in Sources */,
				D0F4105E2999824700B18D10 /* FiltersPOCApp.swift in Sources */,
				D0BA323F299C138300957840 /* ErrorView.swift in Sources */,
			);
			runOnlyForDeploymentPostprocessing = 0;
		};
/* End PBXSourcesBuildPhase section */

/* Begin XCBuildConfiguration section */
		D0F410672999824900B18D10 /* Debug */ = {
			isa = XCBuildConfiguration;
			buildSettings = {
				ALWAYS_SEARCH_USER_PATHS = NO;
				CLANG_ANALYZER_NONNULL = YES;
				CLANG_ANALYZER_NUMBER_OBJECT_CONVERSION = YES_AGGRESSIVE;
				CLANG_CXX_LANGUAGE_STANDARD = "gnu++20";
				CLANG_ENABLE_MODULES = YES;
				CLANG_ENABLE_OBJC_ARC = YES;
				CLANG_ENABLE_OBJC_WEAK = YES;
				CLANG_WARN_BLOCK_CAPTURE_AUTORELEASING = YES;
				CLANG_WARN_BOOL_CONVERSION = YES;
				CLANG_WARN_COMMA = YES;
				CLANG_WARN_CONSTANT_CONVERSION = YES;
				CLANG_WARN_DEPRECATED_OBJC_IMPLEMENTATIONS = YES;
				CLANG_WARN_DIRECT_OBJC_ISA_USAGE = YES_ERROR;
				CLANG_WARN_DOCUMENTATION_COMMENTS = YES;
				CLANG_WARN_EMPTY_BODY = YES;
				CLANG_WARN_ENUM_CONVERSION = YES;
				CLANG_WARN_INFINITE_RECURSION = YES;
				CLANG_WARN_INT_CONVERSION = YES;
				CLANG_WARN_NON_LITERAL_NULL_CONVERSION = YES;
				CLANG_WARN_OBJC_IMPLICIT_RETAIN_SELF = YES;
				CLANG_WARN_OBJC_LITERAL_CONVERSION = YES;
				CLANG_WARN_OBJC_ROOT_CLASS = YES_ERROR;
				CLANG_WARN_QUOTED_INCLUDE_IN_FRAMEWORK_HEADER = YES;
				CLANG_WARN_RANGE_LOOP_ANALYSIS = YES;
				CLANG_WARN_STRICT_PROTOTYPES = YES;
				CLANG_WARN_SUSPICIOUS_MOVE = YES;
				CLANG_WARN_UNGUARDED_AVAILABILITY = YES_AGGRESSIVE;
				CLANG_WARN_UNREACHABLE_CODE = YES;
				CLANG_WARN__DUPLICATE_METHOD_MATCH = YES;
				COPY_PHASE_STRIP = NO;
				DEBUG_INFORMATION_FORMAT = dwarf;
				ENABLE_STRICT_OBJC_MSGSEND = YES;
				ENABLE_TESTABILITY = YES;
				GCC_C_LANGUAGE_STANDARD = gnu11;
				GCC_DYNAMIC_NO_PIC = NO;
				GCC_NO_COMMON_BLOCKS = YES;
				GCC_OPTIMIZATION_LEVEL = 0;
				GCC_PREPROCESSOR_DEFINITIONS = (
					"DEBUG=1",
					"$(inherited)",
				);
				GCC_WARN_64_TO_32_BIT_CONVERSION = YES;
				GCC_WARN_ABOUT_RETURN_TYPE = YES_ERROR;
				GCC_WARN_UNDECLARED_SELECTOR = YES;
				GCC_WARN_UNINITIALIZED_AUTOS = YES_AGGRESSIVE;
				GCC_WARN_UNUSED_FUNCTION = YES;
				GCC_WARN_UNUSED_VARIABLE = YES;
				IPHONEOS_DEPLOYMENT_TARGET = 16.0;
				MTL_ENABLE_DEBUG_INFO = INCLUDE_SOURCE;
				MTL_FAST_MATH = YES;
				ONLY_ACTIVE_ARCH = YES;
				SWIFT_ACTIVE_COMPILATION_CONDITIONS = DEBUG;
				SWIFT_OPTIMIZATION_LEVEL = "-Onone";
			};
			name = Debug;
		};
		D0F410682999824900B18D10 /* Release */ = {
			isa = XCBuildConfiguration;
			buildSettings = {
				ALWAYS_SEARCH_USER_PATHS = NO;
				CLANG_ANALYZER_NONNULL = YES;
				CLANG_ANALYZER_NUMBER_OBJECT_CONVERSION = YES_AGGRESSIVE;
				CLANG_CXX_LANGUAGE_STANDARD = "gnu++20";
				CLANG_ENABLE_MODULES = YES;
				CLANG_ENABLE_OBJC_ARC = YES;
				CLANG_ENABLE_OBJC_WEAK = YES;
				CLANG_WARN_BLOCK_CAPTURE_AUTORELEASING = YES;
				CLANG_WARN_BOOL_CONVERSION = YES;
				CLANG_WARN_COMMA = YES;
				CLANG_WARN_CONSTANT_CONVERSION = YES;
				CLANG_WARN_DEPRECATED_OBJC_IMPLEMENTATIONS = YES;
				CLANG_WARN_DIRECT_OBJC_ISA_USAGE = YES_ERROR;
				CLANG_WARN_DOCUMENTATION_COMMENTS = YES;
				CLANG_WARN_EMPTY_BODY = YES;
				CLANG_WARN_ENUM_CONVERSION = YES;
				CLANG_WARN_INFINITE_RECURSION = YES;
				CLANG_WARN_INT_CONVERSION = YES;
				CLANG_WARN_NON_LITERAL_NULL_CONVERSION = YES;
				CLANG_WARN_OBJC_IMPLICIT_RETAIN_SELF = YES;
				CLANG_WARN_OBJC_LITERAL_CONVERSION = YES;
				CLANG_WARN_OBJC_ROOT_CLASS = YES_ERROR;
				CLANG_WARN_QUOTED_INCLUDE_IN_FRAMEWORK_HEADER = YES;
				CLANG_WARN_RANGE_LOOP_ANALYSIS = YES;
				CLANG_WARN_STRICT_PROTOTYPES = YES;
				CLANG_WARN_SUSPICIOUS_MOVE = YES;
				CLANG_WARN_UNGUARDED_AVAILABILITY = YES_AGGRESSIVE;
				CLANG_WARN_UNREACHABLE_CODE = YES;
				CLANG_WARN__DUPLICATE_METHOD_MATCH = YES;
				COPY_PHASE_STRIP = NO;
				DEBUG_INFORMATION_FORMAT = "dwarf-with-dsym";
				ENABLE_NS_ASSERTIONS = NO;
				ENABLE_STRICT_OBJC_MSGSEND = YES;
				GCC_C_LANGUAGE_STANDARD = gnu11;
				GCC_NO_COMMON_BLOCKS = YES;
				GCC_WARN_64_TO_32_BIT_CONVERSION = YES;
				GCC_WARN_ABOUT_RETURN_TYPE = YES_ERROR;
				GCC_WARN_UNDECLARED_SELECTOR = YES;
				GCC_WARN_UNINITIALIZED_AUTOS = YES_AGGRESSIVE;
				GCC_WARN_UNUSED_FUNCTION = YES;
				GCC_WARN_UNUSED_VARIABLE = YES;
				IPHONEOS_DEPLOYMENT_TARGET = 16.0;
				MTL_ENABLE_DEBUG_INFO = NO;
				MTL_FAST_MATH = YES;
				SWIFT_COMPILATION_MODE = wholemodule;
				SWIFT_OPTIMIZATION_LEVEL = "-O";
			};
			name = Release;
		};
		D0F4106A2999824900B18D10 /* Debug */ = {
			isa = XCBuildConfiguration;
			buildSettings = {
				ASSETCATALOG_COMPILER_APPICON_NAME = AppIcon;
				ASSETCATALOG_COMPILER_GLOBAL_ACCENT_COLOR_NAME = AccentColor;
				CODE_SIGN_ENTITLEMENTS = FiltersPOC/FiltersPOC.entitlements;
				CODE_SIGN_STYLE = Automatic;
				CURRENT_PROJECT_VERSION = 1;
				DEVELOPMENT_ASSET_PATHS = "\"FiltersPOC/Preview Content\"";
				DEVELOPMENT_TEAM = DMNW5WHDHR;
				ENABLE_HARDENED_RUNTIME = YES;
				ENABLE_PREVIEWS = YES;
				GENERATE_INFOPLIST_FILE = YES;
				"INFOPLIST_KEY_UIApplicationSceneManifest_Generation[sdk=iphoneos*]" = YES;
				"INFOPLIST_KEY_UIApplicationSceneManifest_Generation[sdk=iphonesimulator*]" = YES;
				"INFOPLIST_KEY_UIApplicationSupportsIndirectInputEvents[sdk=iphoneos*]" = YES;
				"INFOPLIST_KEY_UIApplicationSupportsIndirectInputEvents[sdk=iphonesimulator*]" = YES;
				"INFOPLIST_KEY_UILaunchScreen_Generation[sdk=iphoneos*]" = YES;
				"INFOPLIST_KEY_UILaunchScreen_Generation[sdk=iphonesimulator*]" = YES;
				"INFOPLIST_KEY_UIStatusBarStyle[sdk=iphoneos*]" = UIStatusBarStyleDefault;
				"INFOPLIST_KEY_UIStatusBarStyle[sdk=iphonesimulator*]" = UIStatusBarStyleDefault;
				INFOPLIST_KEY_UISupportedInterfaceOrientations_iPad = "UIInterfaceOrientationPortrait UIInterfaceOrientationPortraitUpsideDown UIInterfaceOrientationLandscapeLeft UIInterfaceOrientationLandscapeRight";
				INFOPLIST_KEY_UISupportedInterfaceOrientations_iPhone = "UIInterfaceOrientationPortrait UIInterfaceOrientationLandscapeLeft UIInterfaceOrientationLandscapeRight";
				IPHONEOS_DEPLOYMENT_TARGET = 16.0;
				LD_RUNPATH_SEARCH_PATHS = "@executable_path/Frameworks";
				"LD_RUNPATH_SEARCH_PATHS[sdk=macosx*]" = "@executable_path/../Frameworks";
				MACOSX_DEPLOYMENT_TARGET = 13.1;
				MARKETING_VERSION = 1.0;
				PRODUCT_BUNDLE_IDENTIFIER = com.itay.POC.FiltersPOC;
				PRODUCT_NAME = "$(TARGET_NAME)";
				SDKROOT = auto;
				SUPPORTED_PLATFORMS = "iphoneos iphonesimulator macosx";
				SWIFT_EMIT_LOC_STRINGS = YES;
				SWIFT_VERSION = 5.0;
				TARGETED_DEVICE_FAMILY = "1,2";
			};
			name = Debug;
		};
		D0F4106B2999824900B18D10 /* Release */ = {
			isa = XCBuildConfiguration;
			buildSettings = {
				ASSETCATALOG_COMPILER_APPICON_NAME = AppIcon;
				ASSETCATALOG_COMPILER_GLOBAL_ACCENT_COLOR_NAME = AccentColor;
				CODE_SIGN_ENTITLEMENTS = FiltersPOC/FiltersPOC.entitlements;
				CODE_SIGN_STYLE = Automatic;
				CURRENT_PROJECT_VERSION = 1;
				DEVELOPMENT_ASSET_PATHS = "\"FiltersPOC/Preview Content\"";
				DEVELOPMENT_TEAM = DMNW5WHDHR;
				ENABLE_HARDENED_RUNTIME = YES;
				ENABLE_PREVIEWS = YES;
				GENERATE_INFOPLIST_FILE = YES;
				"INFOPLIST_KEY_UIApplicationSceneManifest_Generation[sdk=iphoneos*]" = YES;
				"INFOPLIST_KEY_UIApplicationSceneManifest_Generation[sdk=iphonesimulator*]" = YES;
				"INFOPLIST_KEY_UIApplicationSupportsIndirectInputEvents[sdk=iphoneos*]" = YES;
				"INFOPLIST_KEY_UIApplicationSupportsIndirectInputEvents[sdk=iphonesimulator*]" = YES;
				"INFOPLIST_KEY_UILaunchScreen_Generation[sdk=iphoneos*]" = YES;
				"INFOPLIST_KEY_UILaunchScreen_Generation[sdk=iphonesimulator*]" = YES;
				"INFOPLIST_KEY_UIStatusBarStyle[sdk=iphoneos*]" = UIStatusBarStyleDefault;
				"INFOPLIST_KEY_UIStatusBarStyle[sdk=iphonesimulator*]" = UIStatusBarStyleDefault;
				INFOPLIST_KEY_UISupportedInterfaceOrientations_iPad = "UIInterfaceOrientationPortrait UIInterfaceOrientationPortraitUpsideDown UIInterfaceOrientationLandscapeLeft UIInterfaceOrientationLandscapeRight";
				INFOPLIST_KEY_UISupportedInterfaceOrientations_iPhone = "UIInterfaceOrientationPortrait UIInterfaceOrientationLandscapeLeft UIInterfaceOrientationLandscapeRight";
				IPHONEOS_DEPLOYMENT_TARGET = 16.0;
				LD_RUNPATH_SEARCH_PATHS = "@executable_path/Frameworks";
				"LD_RUNPATH_SEARCH_PATHS[sdk=macosx*]" = "@executable_path/../Frameworks";
				MACOSX_DEPLOYMENT_TARGET = 13.1;
				MARKETING_VERSION = 1.0;
				PRODUCT_BUNDLE_IDENTIFIER = com.itay.POC.FiltersPOC;
				PRODUCT_NAME = "$(TARGET_NAME)";
				SDKROOT = auto;
				SUPPORTED_PLATFORMS = "iphoneos iphonesimulator macosx";
				SWIFT_EMIT_LOC_STRINGS = YES;
				SWIFT_VERSION = 5.0;
				TARGETED_DEVICE_FAMILY = "1,2";
			};
			name = Release;
		};
/* End XCBuildConfiguration section */

/* Begin XCConfigurationList section */
		D0F410552999824700B18D10 /* Build configuration list for PBXProject "FiltersPOC" */ = {
			isa = XCConfigurationList;
			buildConfigurations = (
				D0F410672999824900B18D10 /* Debug */,
				D0F410682999824900B18D10 /* Release */,
			);
			defaultConfigurationIsVisible = 0;
			defaultConfigurationName = Release;
		};
		D0F410692999824900B18D10 /* Build configuration list for PBXNativeTarget "FiltersPOC" */ = {
			isa = XCConfigurationList;
			buildConfigurations = (
				D0F4106A2999824900B18D10 /* Debug */,
				D0F4106B2999824900B18D10 /* Release */,
			);
			defaultConfigurationIsVisible = 0;
			defaultConfigurationName = Release;
		};
/* End XCConfigurationList section */

/* Begin XCRemoteSwiftPackageReference section */
		D0D6566329A36EBD006D2CF0 /* XCRemoteSwiftPackageReference "Filters" */ = {
			isa = XCRemoteSwiftPackageReference;
			repositoryURL = "https://github.com/itay2108/Filters.git";
			requirement = {
				branch = master;
				kind = branch;
			};
		};
/* End XCRemoteSwiftPackageReference section */

/* Begin XCSwiftPackageProductDependency section */
		D0D6566429A36EBD006D2CF0 /* Filters */ = {
			isa = XCSwiftPackageProductDependency;
			package = D0D6566329A36EBD006D2CF0 /* XCRemoteSwiftPackageReference "Filters" */;
			productName = Filters;
		};
/* End XCSwiftPackageProductDependency section */
	};
	rootObject = D0F410522999824700B18D10 /* Project object */;
}
